
Microsoft Visual Studio Solution File, Format Version 12.00
# Visual Studio Version 16
VisualStudioVersion = 16.0.31205.134
MinimumVisualStudioVersion = 10.0.40219.1
Project("{FAE04EC0-301F-11D3-BF4B-00C04F79EFBC}") = "StaticExample", "StaticExample\StaticExample.csproj", "{18853E47-AD88-4745-AE91-C1D8E27D820D}"
EndProject
Global
	GlobalSection(SolutionConfigurationPlatforms) = preSolution
		Debug|Any CPU = Debug|Any CPU
		Release|Any CPU = Release|Any CPU
	EndGlobalSection
	GlobalSection(ProjectConfigurationPlatforms) = postSolution
		{18853E47-AD88-4745-AE91-C1D8E27D820D}.Debug|Any CPU.ActiveCfg = Debug|Any CPU
		{18853E47-AD88-4745-AE91-C1D8E27D820D}.Debug|Any CPU.Build.0 = Debug|Any CPU
		{18853E47-AD88-4745-AE91-C1D8E27D820D}.Release|Any CPU.ActiveCfg = Release|Any CPU
		{18853E47-AD88-4745-AE91-C1D8E27D820D}.Release|Any CPU.Build.0 = Release|Any CPU
	EndGlobalSection
	GlobalSection(SolutionProperties) = preSolution
		HideSolutionNode = FALSE
	EndGlobalSection
	GlobalSection(ExtensibilityGlobals) = postSolution
		SolutionGuid = {24D741A2-2B2D-40C4-A696-A9EC3E72DDC9}
	EndGlobalSection
EndGlobal
