
Microsoft Visual Studio Solution File, Format Version 12.00
# Visual Studio Version 16
VisualStudioVersion = 16.0.31205.134
MinimumVisualStudioVersion = 10.0.40219.1
Project("{FAE04EC0-301F-11D3-BF4B-00C04F79EFBC}") = "FactEx", "FactEx\FactEx.csproj", "{DDBDB3D2-931A-41EE-8E78-95548003FE94}"
EndProject
Global
	GlobalSection(SolutionConfigurationPlatforms) = preSolution
		Debug|Any CPU = Debug|Any CPU
		Release|Any CPU = Release|Any CPU
	EndGlobalSection
	GlobalSection(ProjectConfigurationPlatforms) = postSolution
		{DDBDB3D2-931A-41EE-8E78-95548003FE94}.Debug|Any CPU.ActiveCfg = Debug|Any CPU
		{DDBDB3D2-931A-41EE-8E78-95548003FE94}.Debug|Any CPU.Build.0 = Debug|Any CPU
		{DDBDB3D2-931A-41EE-8E78-95548003FE94}.Release|Any CPU.ActiveCfg = Release|Any CPU
		{DDBDB3D2-931A-41EE-8E78-95548003FE94}.Release|Any CPU.Build.0 = Release|Any CPU
	EndGlobalSection
	GlobalSection(SolutionProperties) = preSolution
		HideSolutionNode = FALSE
	EndGlobalSection
	GlobalSection(ExtensibilityGlobals) = postSolution
		SolutionGuid = {BD5BDC70-7200-44CC-AA31-F59AEB06CF66}
	EndGlobalSection
EndGlobal
