
Microsoft Visual Studio Solution File, Format Version 12.00
# Visual Studio Version 16
VisualStudioVersion = 16.0.31205.134
MinimumVisualStudioVersion = 10.0.40219.1
Project("{FAE04EC0-301F-11D3-BF4B-00C04F79EFBC}") = "Demo5", "Demo5\Demo5.csproj", "{CC1CEED3-541B-464C-BA73-9605D61DDBF2}"
EndProject
Global
	GlobalSection(SolutionConfigurationPlatforms) = preSolution
		Debug|Any CPU = Debug|Any CPU
		Release|Any CPU = Release|Any CPU
	EndGlobalSection
	GlobalSection(ProjectConfigurationPlatforms) = postSolution
		{CC1CEED3-541B-464C-BA73-9605D61DDBF2}.Debug|Any CPU.ActiveCfg = Debug|Any CPU
		{CC1CEED3-541B-464C-BA73-9605D61DDBF2}.Debug|Any CPU.Build.0 = Debug|Any CPU
		{CC1CEED3-541B-464C-BA73-9605D61DDBF2}.Release|Any CPU.ActiveCfg = Release|Any CPU
		{CC1CEED3-541B-464C-BA73-9605D61DDBF2}.Release|Any CPU.Build.0 = Release|Any CPU
	EndGlobalSection
	GlobalSection(SolutionProperties) = preSolution
		HideSolutionNode = FALSE
	EndGlobalSection
	GlobalSection(ExtensibilityGlobals) = postSolution
		SolutionGuid = {57EEA32F-1B29-4640-B6FC-6F2F4C4CFF6C}
	EndGlobalSection
EndGlobal
