
Microsoft Visual Studio Solution File, Format Version 12.00
# Visual Studio Version 16
VisualStudioVersion = 16.0.31205.134
MinimumVisualStudioVersion = 10.0.40219.1
Project("{FAE04EC0-301F-11D3-BF4B-00C04F79EFBC}") = "BaseExNew", "BaseExNew\BaseExNew.csproj", "{87FCF3AA-53AD-42B7-8FF2-064E921C09E6}"
EndProject
Global
	GlobalSection(SolutionConfigurationPlatforms) = preSolution
		Debug|Any CPU = Debug|Any CPU
		Release|Any CPU = Release|Any CPU
	EndGlobalSection
	GlobalSection(ProjectConfigurationPlatforms) = postSolution
		{87FCF3AA-53AD-42B7-8FF2-064E921C09E6}.Debug|Any CPU.ActiveCfg = Debug|Any CPU
		{87FCF3AA-53AD-42B7-8FF2-064E921C09E6}.Debug|Any CPU.Build.0 = Debug|Any CPU
		{87FCF3AA-53AD-42B7-8FF2-064E921C09E6}.Release|Any CPU.ActiveCfg = Release|Any CPU
		{87FCF3AA-53AD-42B7-8FF2-064E921C09E6}.Release|Any CPU.Build.0 = Release|Any CPU
	EndGlobalSection
	GlobalSection(SolutionProperties) = preSolution
		HideSolutionNode = FALSE
	EndGlobalSection
	GlobalSection(ExtensibilityGlobals) = postSolution
		SolutionGuid = {089E3D79-4F30-4ED8-89C6-E812345E1C86}
	EndGlobalSection
EndGlobal
