
Microsoft Visual Studio Solution File, Format Version 12.00
# Visual Studio Version 16
VisualStudioVersion = 16.0.31205.134
MinimumVisualStudioVersion = 10.0.40219.1
Project("{FAE04EC0-301F-11D3-BF4B-00C04F79EFBC}") = "StrExamples", "StrExamples\StrExamples.csproj", "{B293CDBB-DFDF-4A5F-9854-342153931691}"
EndProject
Global
	GlobalSection(SolutionConfigurationPlatforms) = preSolution
		Debug|Any CPU = Debug|Any CPU
		Release|Any CPU = Release|Any CPU
	EndGlobalSection
	GlobalSection(ProjectConfigurationPlatforms) = postSolution
		{B293CDBB-DFDF-4A5F-9854-342153931691}.Debug|Any CPU.ActiveCfg = Debug|Any CPU
		{B293CDBB-DFDF-4A5F-9854-342153931691}.Debug|Any CPU.Build.0 = Debug|Any CPU
		{B293CDBB-DFDF-4A5F-9854-342153931691}.Release|Any CPU.ActiveCfg = Release|Any CPU
		{B293CDBB-DFDF-4A5F-9854-342153931691}.Release|Any CPU.Build.0 = Release|Any CPU
	EndGlobalSection
	GlobalSection(SolutionProperties) = preSolution
		HideSolutionNode = FALSE
	EndGlobalSection
	GlobalSection(ExtensibilityGlobals) = postSolution
		SolutionGuid = {F93FC819-5108-42BF-A742-09DBCE594334}
	EndGlobalSection
EndGlobal
