
Microsoft Visual Studio Solution File, Format Version 12.00
# Visual Studio Version 16
VisualStudioVersion = 16.0.31205.134
MinimumVisualStudioVersion = 10.0.40219.1
Project("{FAE04EC0-301F-11D3-BF4B-00C04F79EFBC}") = "BaseConEx", "BaseConEx\BaseConEx.csproj", "{B497F788-09FE-4E08-B449-7A40578B0257}"
EndProject
Global
	GlobalSection(SolutionConfigurationPlatforms) = preSolution
		Debug|Any CPU = Debug|Any CPU
		Release|Any CPU = Release|Any CPU
	EndGlobalSection
	GlobalSection(ProjectConfigurationPlatforms) = postSolution
		{B497F788-09FE-4E08-B449-7A40578B0257}.Debug|Any CPU.ActiveCfg = Debug|Any CPU
		{B497F788-09FE-4E08-B449-7A40578B0257}.Debug|Any CPU.Build.0 = Debug|Any CPU
		{B497F788-09FE-4E08-B449-7A40578B0257}.Release|Any CPU.ActiveCfg = Release|Any CPU
		{B497F788-09FE-4E08-B449-7A40578B0257}.Release|Any CPU.Build.0 = Release|Any CPU
	EndGlobalSection
	GlobalSection(SolutionProperties) = preSolution
		HideSolutionNode = FALSE
	EndGlobalSection
	GlobalSection(ExtensibilityGlobals) = postSolution
		SolutionGuid = {29C6BB75-FF30-4C0D-B79C-A73E55FA0414}
	EndGlobalSection
EndGlobal
